
Microsoft Visual Studio Solution File, Format Version 11.00
# Visual Studio 2010
Project("{FAE04EC0-301F-11D3-BF4B-00C04F79EFBC}") = "Drive4", "Drive4\Drive4.csproj", "{F9204BF4-6518-41B5-A973-75F191F91660}"
EndProject
Project("{FAE04EC0-301F-11D3-BF4B-00C04F79EFBC}") = "DatabaseMSSQLCE", "DatabaseMSSQLCE\DatabaseMSSQLCE.csproj", "{35FEC306-DA73-4298-8D04-3C25DFF5FDB2}"
EndProject
Project("{FAE04EC0-301F-11D3-BF4B-00C04F79EFBC}") = "DriveBase", "DriveBase\DriveBase.csproj", "{0023A666-88D9-4FB2-ACD8-A277C7D6E4B6}"
EndProject
Project("{FAE04EC0-301F-11D3-BF4B-00C04F79EFBC}") = "DatabaseMSSQL", "DatabaseMSSQL\DatabaseMSSQL.csproj", "{183A58BF-0687-4AB8-9212-E68876A3B303}"
EndProject
Global
	GlobalSection(SolutionConfigurationPlatforms) = preSolution
		Debug|Any CPU = Debug|Any CPU
		Debug|Mixed Platforms = Debug|Mixed Platforms
		Debug|x86 = Debug|x86
		Release|Any CPU = Release|Any CPU
		Release|Mixed Platforms = Release|Mixed Platforms
		Release|x86 = Release|x86
	EndGlobalSection
	GlobalSection(ProjectConfigurationPlatforms) = postSolution
		{F9204BF4-6518-41B5-A973-75F191F91660}.Debug|Any CPU.ActiveCfg = Debug|x86
		{F9204BF4-6518-41B5-A973-75F191F91660}.Debug|Mixed Platforms.ActiveCfg = Debug|x86
		{F9204BF4-6518-41B5-A973-75F191F91660}.Debug|Mixed Platforms.Build.0 = Debug|x86
		{F9204BF4-6518-41B5-A973-75F191F91660}.Debug|x86.ActiveCfg = Debug|x86
		{F9204BF4-6518-41B5-A973-75F191F91660}.Debug|x86.Build.0 = Debug|x86
		{F9204BF4-6518-41B5-A973-75F191F91660}.Release|Any CPU.ActiveCfg = Release|x86
		{F9204BF4-6518-41B5-A973-75F191F91660}.Release|Mixed Platforms.ActiveCfg = Release|x86
		{F9204BF4-6518-41B5-A973-75F191F91660}.Release|Mixed Platforms.Build.0 = Release|x86
		{F9204BF4-6518-41B5-A973-75F191F91660}.Release|x86.ActiveCfg = Release|x86
		{F9204BF4-6518-41B5-A973-75F191F91660}.Release|x86.Build.0 = Release|x86
		{35FEC306-DA73-4298-8D04-3C25DFF5FDB2}.Debug|Any CPU.ActiveCfg = Debug|Any CPU
		{35FEC306-DA73-4298-8D04-3C25DFF5FDB2}.Debug|Any CPU.Build.0 = Debug|Any CPU
		{35FEC306-DA73-4298-8D04-3C25DFF5FDB2}.Debug|Mixed Platforms.ActiveCfg = Debug|Any CPU
		{35FEC306-DA73-4298-8D04-3C25DFF5FDB2}.Debug|Mixed Platforms.Build.0 = Debug|Any CPU
		{35FEC306-DA73-4298-8D04-3C25DFF5FDB2}.Debug|x86.ActiveCfg = Debug|Any CPU
		{35FEC306-DA73-4298-8D04-3C25DFF5FDB2}.Release|Any CPU.ActiveCfg = Release|Any CPU
		{35FEC306-DA73-4298-8D04-3C25DFF5FDB2}.Release|Any CPU.Build.0 = Release|Any CPU
		{35FEC306-DA73-4298-8D04-3C25DFF5FDB2}.Release|Mixed Platforms.ActiveCfg = Release|Any CPU
		{35FEC306-DA73-4298-8D04-3C25DFF5FDB2}.Release|Mixed Platforms.Build.0 = Release|Any CPU
		{35FEC306-DA73-4298-8D04-3C25DFF5FDB2}.Release|x86.ActiveCfg = Release|Any CPU
		{0023A666-88D9-4FB2-ACD8-A277C7D6E4B6}.Debug|Any CPU.ActiveCfg = Debug|Any CPU
		{0023A666-88D9-4FB2-ACD8-A277C7D6E4B6}.Debug|Any CPU.Build.0 = Debug|Any CPU
		{0023A666-88D9-4FB2-ACD8-A277C7D6E4B6}.Debug|Mixed Platforms.ActiveCfg = Debug|Any CPU
		{0023A666-88D9-4FB2-ACD8-A277C7D6E4B6}.Debug|Mixed Platforms.Build.0 = Debug|Any CPU
		{0023A666-88D9-4FB2-ACD8-A277C7D6E4B6}.Debug|x86.ActiveCfg = Debug|Any CPU
		{0023A666-88D9-4FB2-ACD8-A277C7D6E4B6}.Release|Any CPU.ActiveCfg = Release|Any CPU
		{0023A666-88D9-4FB2-ACD8-A277C7D6E4B6}.Release|Any CPU.Build.0 = Release|Any CPU
		{0023A666-88D9-4FB2-ACD8-A277C7D6E4B6}.Release|Mixed Platforms.ActiveCfg = Release|Any CPU
		{0023A666-88D9-4FB2-ACD8-A277C7D6E4B6}.Release|Mixed Platforms.Build.0 = Release|Any CPU
		{0023A666-88D9-4FB2-ACD8-A277C7D6E4B6}.Release|x86.ActiveCfg = Release|Any CPU
		{183A58BF-0687-4AB8-9212-E68876A3B303}.Debug|Any CPU.ActiveCfg = Debug|Any CPU
		{183A58BF-0687-4AB8-9212-E68876A3B303}.Debug|Any CPU.Build.0 = Debug|Any CPU
		{183A58BF-0687-4AB8-9212-E68876A3B303}.Debug|Mixed Platforms.ActiveCfg = Debug|Any CPU
		{183A58BF-0687-4AB8-9212-E68876A3B303}.Debug|Mixed Platforms.Build.0 = Debug|Any CPU
		{183A58BF-0687-4AB8-9212-E68876A3B303}.Debug|x86.ActiveCfg = Debug|Any CPU
		{183A58BF-0687-4AB8-9212-E68876A3B303}.Release|Any CPU.ActiveCfg = Release|Any CPU
		{183A58BF-0687-4AB8-9212-E68876A3B303}.Release|Any CPU.Build.0 = Release|Any CPU
		{183A58BF-0687-4AB8-9212-E68876A3B303}.Release|Mixed Platforms.ActiveCfg = Release|Any CPU
		{183A58BF-0687-4AB8-9212-E68876A3B303}.Release|Mixed Platforms.Build.0 = Release|Any CPU
		{183A58BF-0687-4AB8-9212-E68876A3B303}.Release|x86.ActiveCfg = Release|Any CPU
	EndGlobalSection
	GlobalSection(SolutionProperties) = preSolution
		HideSolutionNode = FALSE
	EndGlobalSection
EndGlobal
